
Microsoft Visual Studio Solution File, Format Version 12.00
# Visual Studio Version 17
VisualStudioVersion = 17.0.31903.59
MinimumVisualStudioVersion = 10.0.40219.1
Project("{FAE04EC0-301F-11D3-BF4B-00C04F79EFBC}") = "CbMaker.Application", "src\CbMaker.Application\CbMaker.Application.csproj", "{4D100D5A-48DA-4AC4-8637-EB987D899018}"
EndProject
Project("{FAE04EC0-301F-11D3-BF4B-00C04F79EFBC}") = "CbMaker.SharedKernel", "CbMaker.SharedKernel\CbMaker.SharedKernel.csproj", "{97626D6E-8F32-4A97-902C-C033CC43D0E3}"
EndProject
Project("{FAE04EC0-301F-11D3-BF4B-00C04F79EFBC}") = "CbMaker.API", "CbMaker.API\CbMaker.API.csproj", "{61CCA899-A615-4AD2-BFC5-7138E56720B9}"
EndProject
Global
	GlobalSection(SolutionConfigurationPlatforms) = preSolution
		Debug|Any CPU = Debug|Any CPU
		Release|Any CPU = Release|Any CPU
	EndGlobalSection
	GlobalSection(SolutionProperties) = preSolution
		HideSolutionNode = FALSE
	EndGlobalSection
	GlobalSection(ProjectConfigurationPlatforms) = postSolution
		{97626D6E-8F32-4A97-902C-C033CC43D0E3}.Debug|Any CPU.ActiveCfg = Debug|Any CPU
		{97626D6E-8F32-4A97-902C-C033CC43D0E3}.Debug|Any CPU.Build.0 = Debug|Any CPU
		{97626D6E-8F32-4A97-902C-C033CC43D0E3}.Release|Any CPU.ActiveCfg = Release|Any CPU
		{97626D6E-8F32-4A97-902C-C033CC43D0E3}.Release|Any CPU.Build.0 = Release|Any CPU
		{61CCA899-A615-4AD2-BFC5-7138E56720B9}.Debug|Any CPU.ActiveCfg = Debug|Any CPU
		{61CCA899-A615-4AD2-BFC5-7138E56720B9}.Debug|Any CPU.Build.0 = Debug|Any CPU
		{61CCA899-A615-4AD2-BFC5-7138E56720B9}.Release|Any CPU.ActiveCfg = Release|Any CPU
		{61CCA899-A615-4AD2-BFC5-7138E56720B9}.Release|Any CPU.Build.0 = Release|Any CPU
	EndGlobalSection
	GlobalSection(NestedProjects) = preSolution
	EndGlobalSection
EndGlobal
